
Microsoft Visual Studio Solution File, Format Version 12.00
# Visual Studio 15
VisualStudioVersion = 15.0.28307.136
MinimumVisualStudioVersion = 10.0.40219.1
Project("{FAE04EC0-301F-11D3-BF4B-00C04F79EFBC}") = "Worker_7ERFAcraft.Android", "Worker_7ERFAcraft\Worker_7ERFAcraft.Android\Worker_7ERFAcraft.Android.csproj", "{A0F48EF4-4364-4FBA-9D12-1F63690FC8F0}"
EndProject
Project("{FAE04EC0-301F-11D3-BF4B-00C04F79EFBC}") = "Worker_7ERFAcraft.iOS", "Worker_7ERFAcraft\Worker_7ERFAcraft.iOS\Worker_7ERFAcraft.iOS.csproj", "{61B34764-6374-4DFF-AD26-9B32C1E1229E}"
EndProject
Project("{FAE04EC0-301F-11D3-BF4B-00C04F79EFBC}") = "Worker_7ERFAcraft", "Worker_7ERFAcraft\Worker_7ERFAcraft\Worker_7ERFAcraft.csproj", "{D6373ABD-3E0A-4EE8-BE22-2E5375AD5599}"
EndProject
Global
	GlobalSection(SolutionConfigurationPlatforms) = preSolution
		Ad-Hoc|Any CPU = Ad-Hoc|Any CPU
		Ad-Hoc|iPhone = Ad-Hoc|iPhone
		Ad-Hoc|iPhoneSimulator = Ad-Hoc|iPhoneSimulator
		AppStore|Any CPU = AppStore|Any CPU
		AppStore|iPhone = AppStore|iPhone
		AppStore|iPhoneSimulator = AppStore|iPhoneSimulator
		Debug|Any CPU = Debug|Any CPU
		Debug|iPhone = Debug|iPhone
		Debug|iPhoneSimulator = Debug|iPhoneSimulator
		Release|Any CPU = Release|Any CPU
		Release|iPhone = Release|iPhone
		Release|iPhoneSimulator = Release|iPhoneSimulator
	EndGlobalSection
	GlobalSection(ProjectConfigurationPlatforms) = postSolution
		{A0F48EF4-4364-4FBA-9D12-1F63690FC8F0}.Ad-Hoc|Any CPU.ActiveCfg = Release|Any CPU
		{A0F48EF4-4364-4FBA-9D12-1F63690FC8F0}.Ad-Hoc|Any CPU.Build.0 = Release|Any CPU
		{A0F48EF4-4364-4FBA-9D12-1F63690FC8F0}.Ad-Hoc|Any CPU.Deploy.0 = Release|Any CPU
		{A0F48EF4-4364-4FBA-9D12-1F63690FC8F0}.Ad-Hoc|iPhone.ActiveCfg = Release|Any CPU
		{A0F48EF4-4364-4FBA-9D12-1F63690FC8F0}.Ad-Hoc|iPhone.Build.0 = Release|Any CPU
		{A0F48EF4-4364-4FBA-9D12-1F63690FC8F0}.Ad-Hoc|iPhone.Deploy.0 = Release|Any CPU
		{A0F48EF4-4364-4FBA-9D12-1F63690FC8F0}.Ad-Hoc|iPhoneSimulator.ActiveCfg = Release|Any CPU
		{A0F48EF4-4364-4FBA-9D12-1F63690FC8F0}.Ad-Hoc|iPhoneSimulator.Build.0 = Release|Any CPU
		{A0F48EF4-4364-4FBA-9D12-1F63690FC8F0}.Ad-Hoc|iPhoneSimulator.Deploy.0 = Release|Any CPU
		{A0F48EF4-4364-4FBA-9D12-1F63690FC8F0}.AppStore|Any CPU.ActiveCfg = Release|Any CPU
		{A0F48EF4-4364-4FBA-9D12-1F63690FC8F0}.AppStore|Any CPU.Build.0 = Release|Any CPU
		{A0F48EF4-4364-4FBA-9D12-1F63690FC8F0}.AppStore|Any CPU.Deploy.0 = Release|Any CPU
		{A0F48EF4-4364-4FBA-9D12-1F63690FC8F0}.AppStore|iPhone.ActiveCfg = Release|Any CPU
		{A0F48EF4-4364-4FBA-9D12-1F63690FC8F0}.AppStore|iPhone.Build.0 = Release|Any CPU
		{A0F48EF4-4364-4FBA-9D12-1F63690FC8F0}.AppStore|iPhone.Deploy.0 = Release|Any CPU
		{A0F48EF4-4364-4FBA-9D12-1F63690FC8F0}.AppStore|iPhoneSimulator.ActiveCfg = Release|Any CPU
		{A0F48EF4-4364-4FBA-9D12-1F63690FC8F0}.AppStore|iPhoneSimulator.Build.0 = Release|Any CPU
		{A0F48EF4-4364-4FBA-9D12-1F63690FC8F0}.AppStore|iPhoneSimulator.Deploy.0 = Release|Any CPU
		{A0F48EF4-4364-4FBA-9D12-1F63690FC8F0}.Debug|Any CPU.ActiveCfg = Debug|Any CPU
		{A0F48EF4-4364-4FBA-9D12-1F63690FC8F0}.Debug|Any CPU.Build.0 = Debug|Any CPU
		{A0F48EF4-4364-4FBA-9D12-1F63690FC8F0}.Debug|Any CPU.Deploy.0 = Debug|Any CPU
		{A0F48EF4-4364-4FBA-9D12-1F63690FC8F0}.Debug|iPhone.ActiveCfg = Debug|Any CPU
		{A0F48EF4-4364-4FBA-9D12-1F63690FC8F0}.Debug|iPhone.Build.0 = Debug|Any CPU
		{A0F48EF4-4364-4FBA-9D12-1F63690FC8F0}.Debug|iPhone.Deploy.0 = Debug|Any CPU
		{A0F48EF4-4364-4FBA-9D12-1F63690FC8F0}.Debug|iPhoneSimulator.ActiveCfg = Debug|Any CPU
		{A0F48EF4-4364-4FBA-9D12-1F63690FC8F0}.Debug|iPhoneSimulator.Build.0 = Debug|Any CPU
		{A0F48EF4-4364-4FBA-9D12-1F63690FC8F0}.Debug|iPhoneSimulator.Deploy.0 = Debug|Any CPU
		{A0F48EF4-4364-4FBA-9D12-1F63690FC8F0}.Release|Any CPU.ActiveCfg = Release|Any CPU
		{A0F48EF4-4364-4FBA-9D12-1F63690FC8F0}.Release|Any CPU.Build.0 = Release|Any CPU
		{A0F48EF4-4364-4FBA-9D12-1F63690FC8F0}.Release|Any CPU.Deploy.0 = Release|Any CPU
		{A0F48EF4-4364-4FBA-9D12-1F63690FC8F0}.Release|iPhone.ActiveCfg = Release|Any CPU
		{A0F48EF4-4364-4FBA-9D12-1F63690FC8F0}.Release|iPhone.Build.0 = Release|Any CPU
		{A0F48EF4-4364-4FBA-9D12-1F63690FC8F0}.Release|iPhone.Deploy.0 = Release|Any CPU
		{A0F48EF4-4364-4FBA-9D12-1F63690FC8F0}.Release|iPhoneSimulator.ActiveCfg = Release|Any CPU
		{A0F48EF4-4364-4FBA-9D12-1F63690FC8F0}.Release|iPhoneSimulator.Build.0 = Release|Any CPU
		{A0F48EF4-4364-4FBA-9D12-1F63690FC8F0}.Release|iPhoneSimulator.Deploy.0 = Release|Any CPU
		{61B34764-6374-4DFF-AD26-9B32C1E1229E}.Ad-Hoc|Any CPU.ActiveCfg = Ad-Hoc|iPhone
		{61B34764-6374-4DFF-AD26-9B32C1E1229E}.Ad-Hoc|Any CPU.Build.0 = Ad-Hoc|iPhone
		{61B34764-6374-4DFF-AD26-9B32C1E1229E}.Ad-Hoc|Any CPU.Deploy.0 = Ad-Hoc|iPhone
		{61B34764-6374-4DFF-AD26-9B32C1E1229E}.Ad-Hoc|iPhone.ActiveCfg = Ad-Hoc|iPhone
		{61B34764-6374-4DFF-AD26-9B32C1E1229E}.Ad-Hoc|iPhone.Build.0 = Ad-Hoc|iPhone
		{61B34764-6374-4DFF-AD26-9B32C1E1229E}.Ad-Hoc|iPhone.Deploy.0 = Ad-Hoc|iPhone
		{61B34764-6374-4DFF-AD26-9B32C1E1229E}.Ad-Hoc|iPhoneSimulator.ActiveCfg = Ad-Hoc|iPhoneSimulator
		{61B34764-6374-4DFF-AD26-9B32C1E1229E}.Ad-Hoc|iPhoneSimulator.Build.0 = Ad-Hoc|iPhoneSimulator
		{61B34764-6374-4DFF-AD26-9B32C1E1229E}.Ad-Hoc|iPhoneSimulator.Deploy.0 = Ad-Hoc|iPhoneSimulator
		{61B34764-6374-4DFF-AD26-9B32C1E1229E}.AppStore|Any CPU.ActiveCfg = AppStore|iPhone
		{61B34764-6374-4DFF-AD26-9B32C1E1229E}.AppStore|Any CPU.Build.0 = AppStore|iPhone
		{61B34764-6374-4DFF-AD26-9B32C1E1229E}.AppStore|Any CPU.Deploy.0 = AppStore|iPhone
		{61B34764-6374-4DFF-AD26-9B32C1E1229E}.AppStore|iPhone.ActiveCfg = AppStore|iPhone
		{61B34764-6374-4DFF-AD26-9B32C1E1229E}.AppStore|iPhone.Build.0 = AppStore|iPhone
		{61B34764-6374-4DFF-AD26-9B32C1E1229E}.AppStore|iPhone.Deploy.0 = AppStore|iPhone
		{61B34764-6374-4DFF-AD26-9B32C1E1229E}.AppStore|iPhoneSimulator.ActiveCfg = AppStore|iPhoneSimulator
		{61B34764-6374-4DFF-AD26-9B32C1E1229E}.AppStore|iPhoneSimulator.Build.0 = AppStore|iPhoneSimulator
		{61B34764-6374-4DFF-AD26-9B32C1E1229E}.AppStore|iPhoneSimulator.Deploy.0 = AppStore|iPhoneSimulator
		{61B34764-6374-4DFF-AD26-9B32C1E1229E}.Debug|Any CPU.ActiveCfg = Debug|iPhoneSimulator
		{61B34764-6374-4DFF-AD26-9B32C1E1229E}.Debug|Any CPU.Build.0 = Debug|iPhoneSimulator
		{61B34764-6374-4DFF-AD26-9B32C1E1229E}.Debug|Any CPU.Deploy.0 = Debug|iPhoneSimulator
		{61B34764-6374-4DFF-AD26-9B32C1E1229E}.Debug|iPhone.ActiveCfg = Debug|iPhone
		{61B34764-6374-4DFF-AD26-9B32C1E1229E}.Debug|iPhone.Build.0 = Debug|iPhone
		{61B34764-6374-4DFF-AD26-9B32C1E1229E}.Debug|iPhone.Deploy.0 = Debug|iPhone
		{61B34764-6374-4DFF-AD26-9B32C1E1229E}.Debug|iPhoneSimulator.ActiveCfg = Debug|iPhoneSimulator
		{61B34764-6374-4DFF-AD26-9B32C1E1229E}.Debug|iPhoneSimulator.Build.0 = Debug|iPhoneSimulator
		{61B34764-6374-4DFF-AD26-9B32C1E1229E}.Debug|iPhoneSimulator.Deploy.0 = Debug|iPhoneSimulator
		{61B34764-6374-4DFF-AD26-9B32C1E1229E}.Release|Any CPU.ActiveCfg = Release|iPhone
		{61B34764-6374-4DFF-AD26-9B32C1E1229E}.Release|Any CPU.Build.0 = Release|iPhone
		{61B34764-6374-4DFF-AD26-9B32C1E1229E}.Release|Any CPU.Deploy.0 = Release|iPhone
		{61B34764-6374-4DFF-AD26-9B32C1E1229E}.Release|iPhone.ActiveCfg = Release|iPhone
		{61B34764-6374-4DFF-AD26-9B32C1E1229E}.Release|iPhone.Build.0 = Release|iPhone
		{61B34764-6374-4DFF-AD26-9B32C1E1229E}.Release|iPhone.Deploy.0 = Release|iPhone
		{61B34764-6374-4DFF-AD26-9B32C1E1229E}.Release|iPhoneSimulator.ActiveCfg = Release|iPhoneSimulator
		{61B34764-6374-4DFF-AD26-9B32C1E1229E}.Release|iPhoneSimulator.Build.0 = Release|iPhoneSimulator
		{61B34764-6374-4DFF-AD26-9B32C1E1229E}.Release|iPhoneSimulator.Deploy.0 = Release|iPhoneSimulator
		{D6373ABD-3E0A-4EE8-BE22-2E5375AD5599}.Ad-Hoc|Any CPU.ActiveCfg = Debug|Any CPU
		{D6373ABD-3E0A-4EE8-BE22-2E5375AD5599}.Ad-Hoc|Any CPU.Build.0 = Debug|Any CPU
		{D6373ABD-3E0A-4EE8-BE22-2E5375AD5599}.Ad-Hoc|Any CPU.Deploy.0 = Debug|Any CPU
		{D6373ABD-3E0A-4EE8-BE22-2E5375AD5599}.Ad-Hoc|iPhone.ActiveCfg = Debug|Any CPU
		{D6373ABD-3E0A-4EE8-BE22-2E5375AD5599}.Ad-Hoc|iPhone.Build.0 = Debug|Any CPU
		{D6373ABD-3E0A-4EE8-BE22-2E5375AD5599}.Ad-Hoc|iPhone.Deploy.0 = Debug|Any CPU
		{D6373ABD-3E0A-4EE8-BE22-2E5375AD5599}.Ad-Hoc|iPhoneSimulator.ActiveCfg = Debug|Any CPU
		{D6373ABD-3E0A-4EE8-BE22-2E5375AD5599}.Ad-Hoc|iPhoneSimulator.Build.0 = Debug|Any CPU
		{D6373ABD-3E0A-4EE8-BE22-2E5375AD5599}.Ad-Hoc|iPhoneSimulator.Deploy.0 = Debug|Any CPU
		{D6373ABD-3E0A-4EE8-BE22-2E5375AD5599}.AppStore|Any CPU.ActiveCfg = Debug|Any CPU
		{D6373ABD-3E0A-4EE8-BE22-2E5375AD5599}.AppStore|Any CPU.Build.0 = Debug|Any CPU
		{D6373ABD-3E0A-4EE8-BE22-2E5375AD5599}.AppStore|Any CPU.Deploy.0 = Debug|Any CPU
		{D6373ABD-3E0A-4EE8-BE22-2E5375AD5599}.AppStore|iPhone.ActiveCfg = Debug|Any CPU
		{D6373ABD-3E0A-4EE8-BE22-2E5375AD5599}.AppStore|iPhone.Build.0 = Debug|Any CPU
		{D6373ABD-3E0A-4EE8-BE22-2E5375AD5599}.AppStore|iPhone.Deploy.0 = Debug|Any CPU
		{D6373ABD-3E0A-4EE8-BE22-2E5375AD5599}.AppStore|iPhoneSimulator.ActiveCfg = Debug|Any CPU
		{D6373ABD-3E0A-4EE8-BE22-2E5375AD5599}.AppStore|iPhoneSimulator.Build.0 = Debug|Any CPU
		{D6373ABD-3E0A-4EE8-BE22-2E5375AD5599}.AppStore|iPhoneSimulator.Deploy.0 = Debug|Any CPU
		{D6373ABD-3E0A-4EE8-BE22-2E5375AD5599}.Debug|Any CPU.ActiveCfg = Debug|Any CPU
		{D6373ABD-3E0A-4EE8-BE22-2E5375AD5599}.Debug|Any CPU.Build.0 = Debug|Any CPU
		{D6373ABD-3E0A-4EE8-BE22-2E5375AD5599}.Debug|Any CPU.Deploy.0 = Debug|Any CPU
		{D6373ABD-3E0A-4EE8-BE22-2E5375AD5599}.Debug|iPhone.ActiveCfg = Debug|Any CPU
		{D6373ABD-3E0A-4EE8-BE22-2E5375AD5599}.Debug|iPhone.Build.0 = Debug|Any CPU
		{D6373ABD-3E0A-4EE8-BE22-2E5375AD5599}.Debug|iPhone.Deploy.0 = Debug|Any CPU
		{D6373ABD-3E0A-4EE8-BE22-2E5375AD5599}.Debug|iPhoneSimulator.ActiveCfg = Debug|Any CPU
		{D6373ABD-3E0A-4EE8-BE22-2E5375AD5599}.Debug|iPhoneSimulator.Build.0 = Debug|Any CPU
		{D6373ABD-3E0A-4EE8-BE22-2E5375AD5599}.Debug|iPhoneSimulator.Deploy.0 = Debug|Any CPU
		{D6373ABD-3E0A-4EE8-BE22-2E5375AD5599}.Release|Any CPU.ActiveCfg = Release|Any CPU
		{D6373ABD-3E0A-4EE8-BE22-2E5375AD5599}.Release|Any CPU.Build.0 = Release|Any CPU
		{D6373ABD-3E0A-4EE8-BE22-2E5375AD5599}.Release|Any CPU.Deploy.0 = Release|Any CPU
		{D6373ABD-3E0A-4EE8-BE22-2E5375AD5599}.Release|iPhone.ActiveCfg = Release|Any CPU
		{D6373ABD-3E0A-4EE8-BE22-2E5375AD5599}.Release|iPhone.Build.0 = Release|Any CPU
		{D6373ABD-3E0A-4EE8-BE22-2E5375AD5599}.Release|iPhone.Deploy.0 = Release|Any CPU
		{D6373ABD-3E0A-4EE8-BE22-2E5375AD5599}.Release|iPhoneSimulator.ActiveCfg = Release|Any CPU
		{D6373ABD-3E0A-4EE8-BE22-2E5375AD5599}.Release|iPhoneSimulator.Build.0 = Release|Any CPU
		{D6373ABD-3E0A-4EE8-BE22-2E5375AD5599}.Release|iPhoneSimulator.Deploy.0 = Release|Any CPU
	EndGlobalSection
	GlobalSection(SolutionProperties) = preSolution
		HideSolutionNode = FALSE
	EndGlobalSection
	GlobalSection(ExtensibilityGlobals) = postSolution
		SolutionGuid = {817E6DD1-34E0-41CB-AC3B-E6F2AD10F353}
	EndGlobalSection
EndGlobal
